// !$*UTF8*$!
{
	archiveVersion = 1;
	classes = {
	};
	objectVersion = 46;
	objects = {

/* Begin PBXBuildFile section */
		63417DD31EEA025A00D95E6F /* AppDelegate.swift in Sources */ = {isa = PBXBuildFile; fileRef = 63417DD21EEA025A00D95E6F /* AppDelegate.swift */; };
		63417DD51EEA025A00D95E6F /* RecordSoundsViewController.swift in Sources */ = {isa = PBXBuildFile; fileRef = 63417DD41EEA025A00D95E6F /* RecordSoundsViewController.swift */; };
		63417DD81EEA025A00D95E6F /* Main.storyboard in Resources */ = {isa = PBXBuildFile; fileRef = 63417DD61EEA025A00D95E6F /* Main.storyboard */; };
		63417DDA1EEA025A00D95E6F /* Assets.xcassets in Resources */ = {isa = PBXBuildFile; fileRef = 63417DD91EEA025A00D95E6F /* Assets.xcassets */; };
		63417DDD1EEA025A00D95E6F /* LaunchScreen.storyboard in Resources */ = {isa = PBXBuildFile; fileRef = 63417DDB1EEA025A00D95E6F /* LaunchScreen.storyboard */; };
		63417DE51EEA1E7A00D95E6F /* PlaySoundsViewController.swift in Sources */ = {isa = PBXBuildFile; fileRef = 63417DE41EEA1E7A00D95E6F /* PlaySoundsViewController.swift */; };
		63417DE71EEA2FD900D95E6F /* PlaySoundsViewController-Audio.swift in Sources */ = {isa = PBXBuildFile; fileRef = 63417DE61EEA2FD900D95E6F /* PlaySoundsViewController-Audio.swift */; };
/* End PBXBuildFile section */

/* Begin PBXFileReference section */
		63417DCF1EEA025A00D95E6F /* PitchPerfect.app */ = {isa = PBXFileReference; explicitFileType = wrapper.application; includeInIndex = 0; path = PitchPerfect.app; sourceTree = BUILT_PRODUCTS_DIR; };
		63417DD21EEA025A00D95E6F /* AppDelegate.swift */ = {isa = PBXFileReference; lastKnownFileType = sourcecode.swift; path = AppDelegate.swift; sourceTree = "<group>"; };
		63417DD41EEA025A00D95E6F /* RecordSoundsViewController.swift */ = {isa = PBXFileReference; lastKnownFileType = sourcecode.swift; path = RecordSoundsViewController.swift; sourceTree = "<group>"; };
		63417DD71EEA025A00D95E6F /* Base */ = {isa = PBXFileReference; lastKnownFileType = file.storyboard; name = Base; path = Base.lproj/Main.storyboard; sourceTree = "<group>"; };
		63417DD91EEA025A00D95E6F /* Assets.xcassets */ = {isa = PBXFileReference; lastKnownFileType = folder.assetcatalog; path = Assets.xcassets; sourceTree = "<group>"; };
		63417DDC1EEA025A00D95E6F /* Base */ = {isa = PBXFileReference; lastKnownFileType = file.storyboard; name = Base; path = Base.lproj/LaunchScreen.storyboard; sourceTree = "<group>"; };
		63417DDE1EEA025A00D95E6F /* Info.plist */ = {isa = PBXFileReference; lastKnownFileType = text.plist.xml; path = Info.plist; sourceTree = "<group>"; };
		63417DE41EEA1E7A00D95E6F /* PlaySoundsViewController.swift */ = {isa = PBXFileReference; fileEncoding = 4; lastKnownFileType = sourcecode.swift; path = PlaySoundsViewController.swift; sourceTree = "<group>"; };
		63417DE61EEA2FD900D95E6F /* PlaySoundsViewController-Audio.swift */ = {isa = PBXFileReference; fileEncoding = 4; lastKnownFileType = sourcecode.swift; path = "PlaySoundsViewController-Audio.swift"; sourceTree = "<group>"; };
/* End PBXFileReference section */

/* Begin PBXFrameworksBuildPhase section */
		63417DCC1EEA025A00D95E6F /* Frameworks */ = {
			isa = PBXFrameworksBuildPhase;
			buildActionMask = 2147483647;
			files = (
			);
			runOnlyForDeploymentPostprocessing = 0;
		};
/* End PBXFrameworksBuildPhase section */

/* Begin PBXGroup section */
		63417DC61EEA025A00D95E6F = {
			isa = PBXGroup;
			children = (
				63417DD11EEA025A00D95E6F /* PitchPerfect */,
				63417DD01EEA025A00D95E6F /* Products */,
			);
			sourceTree = "<group>";
		};
		63417DD01EEA025A00D95E6F /* Products */ = {
			isa = PBXGroup;
			children = (
				63417DCF1EEA025A00D95E6F /* PitchPerfect.app */,
			);
			name = Products;
			sourceTree = "<group>";
		};
		63417DD11EEA025A00D95E6F /* PitchPerfect */ = {
			isa = PBXGroup;
			children = (
				63417DD21EEA025A00D95E6F /* AppDelegate.swift */,
				63417DD41EEA025A00D95E6F /* RecordSoundsViewController.swift */,
				63417DD61EEA025A00D95E6F /* Main.storyboard */,
				63417DD91EEA025A00D95E6F /* Assets.xcassets */,
				63417DDB1EEA025A00D95E6F /* LaunchScreen.storyboard */,
				63417DDE1EEA025A00D95E6F /* Info.plist */,
				63417DE41EEA1E7A00D95E6F /* PlaySoundsViewController.swift */,
				63417DE61EEA2FD900D95E6F /* PlaySoundsViewController-Audio.swift */,
			);
			path = PitchPerfect;
			sourceTree = "<group>";
		};
/* End PBXGroup section */

/* Begin PBXNativeTarget section */
		63417DCE1EEA025A00D95E6F /* PitchPerfect */ = {
			isa = PBXNativeTarget;
			buildConfigurationList = 63417DE11EEA025A00D95E6F /* Build configuration list for PBXNativeTarget "PitchPerfect" */;
			buildPhases = (
				63417DCB1EEA025A00D95E6F /* Sources */,
				63417DCC1EEA025A00D95E6F /* Frameworks */,
				63417DCD1EEA025A00D95E6F /* Resources */,
			);
			buildRules = (
			);
			dependencies = (
			);
			name = PitchPerfect;
			productName = PitchPerfect;
			productReference = 63417DCF1EEA025A00D95E6F /* PitchPerfect.app */;
			productType = "com.apple.product-type.application";
		};
/* End PBXNativeTarget section */

/* Begin PBXProject section */
		63417DC71EEA025A00D95E6F /* Project object */ = {
			isa = PBXProject;
			attributes = {
				LastSwiftUpdateCheck = 0830;
				LastUpgradeCheck = 0830;
				ORGANIZATIONNAME = QubitLogic;
				TargetAttributes = {
					63417DCE1EEA025A00D95E6F = {
						CreatedOnToolsVersion = 8.3.3;
						DevelopmentTeam = ZM6Z3AET2K;
						ProvisioningStyle = Automatic;
					};
				};
			};
			buildConfigurationList = 63417DCA1EEA025A00D95E6F /* Build configuration list for PBXProject "PitchPerfect" */;
			compatibilityVersion = "Xcode 3.2";
			developmentRegion = English;
			hasScannedForEncodings = 0;
			knownRegions = (
				en,
				Base,
			);
			mainGroup = 63417DC61EEA025A00D95E6F;
			productRefGroup = 63417DD01EEA025A00D95E6F /* Products */;
			projectDirPath = "";
			projectRoot = "";
			targets = (
				63417DCE1EEA025A00D95E6F /* PitchPerfect */,
			);
		};
/* End PBXProject section */

/* Begin PBXResourcesBuildPhase section */
		63417DCD1EEA025A00D95E6F /* Resources */ = {
			isa = PBXResourcesBuildPhase;
			buildActionMask = 2147483647;
			files = (
				63417DDD1EEA025A00D95E6F /* LaunchScreen.storyboard in Resources */,
				63417DDA1EEA025A00D95E6F /* Assets.xcassets in Resources */,
				63417DD81EEA025A00D95E6F /* Main.storyboard in Resources */,
			);
			runOnlyForDeploymentPostprocessing = 0;
		};
/* End PBXResourcesBuildPhase section */

/* Begin PBXSourcesBuildPhase section */
		63417DCB1EEA025A00D95E6F /* Sources */ = {
			isa = PBXSourcesBuildPhase;
			buildActionMask = 2147483647;
			files = (
				63417DD51EEA025A00D95E6F /* RecordSoundsViewController.swift in Sources */,
				63417DE51EEA1E7A00D95E6F /* PlaySoundsViewController.swift in Sources */,
				63417DD31EEA025A00D95E6F /* AppDelegate.swift in Sources */,
				63417DE71EEA2FD900D95E6F /* PlaySoundsViewController-Audio.swift in Sources */,
			);
			runOnlyForDeploymentPostprocessing = 0;
		};
/* End PBXSourcesBuildPhase section */

/* Begin PBXVariantGroup section */
		63417DD61EEA025A00D95E6F /* Main.storyboard */ = {
			isa = PBXVariantGroup;
			children = (
				63417DD71EEA025A00D95E6F /* Base */,
			);
			name = Main.storyboard;
			sourceTree = "<group>";
		};
		63417DDB1EEA025A00D95E6F /* LaunchScreen.storyboard */ = {
			isa = PBXVariantGroup;
			children = (
				63417DDC1EEA025A00D95E6F /* Base */,
			);
			name = LaunchScreen.storyboard;
			sourceTree = "<group>";
		};
/* End PBXVariantGroup section */

/* Begin XCBuildConfiguration section */
		63417DDF1EEA025A00D95E6F /* Debug */ = {
			isa = XCBuildConfiguration;
			buildSettings = {
				ALWAYS_SEARCH_USER_PATHS = NO;
				CLANG_ANALYZER_NONNULL = YES;
				CLANG_ANALYZER_NUMBER_OBJECT_CONVERSION = YES_AGGRESSIVE;
				CLANG_CXX_LANGUAGE_STANDARD = "gnu++0x";
				CLANG_CXX_LIBRARY = "libc++";
				CLANG_ENABLE_MODULES = YES;
				CLANG_ENABLE_OBJC_ARC = YES;
				CLANG_WARN_BOOL_CONVERSION = YES;
				CLANG_WARN_CONSTANT_CONVERSION = YES;
				CLANG_WARN_DIRECT_OBJC_ISA_USAGE = YES_ERROR;
				CLANG_WARN_DOCUMENTATION_COMMENTS = YES;
				CLANG_WARN_EMPTY_BODY = YES;
				CLANG_WARN_ENUM_CONVERSION = YES;
				CLANG_WARN_INFINITE_RECURSION = YES;
				CLANG_WARN_INT_CONVERSION = YES;
				CLANG_WARN_OBJC_ROOT_CLASS = YES_ERROR;
				CLANG_WARN_SUSPICIOUS_MOVE = YES;
				CLANG_WARN_UNREACHABLE_CODE = YES;
				CLANG_WARN__DUPLICATE_METHOD_MATCH = YES;
				"CODE_SIGN_IDENTITY[sdk=iphoneos*]" = "iPhone Developer";
				COPY_PHASE_STRIP = NO;
				DEBUG_INFORMATION_FORMAT = dwarf;
				ENABLE_STRICT_OBJC_MSGSEND = YES;
				ENABLE_TESTABILITY = YES;
				GCC_C_LANGUAGE_STANDARD = gnu99;
				GCC_DYNAMIC_NO_PIC = NO;
				GCC_NO_COMMON_BLOCKS = YES;
				GCC_OPTIMIZATION_LEVEL = 0;
				GCC_PREPROCESSOR_DEFINITIONS = (
					"DEBUG=1",
					"$(inherited)",
				);
				GCC_WARN_64_TO_32_BIT_CONVERSION = YES;
				GCC_WARN_ABOUT_RETURN_TYPE = YES_ERROR;
				GCC_WARN_UNDECLARED_SELECTOR = YES;
				GCC_WARN_UNINITIALIZED_AUTOS = YES_AGGRESSIVE;
				GCC_WARN_UNUSED_FUNCTION = YES;
				GCC_WARN_UNUSED_VARIABLE = YES;
				IPHONEOS_DEPLOYMENT_TARGET = 10.3;
				MTL_ENABLE_DEBUG_INFO = YES;
				ONLY_ACTIVE_ARCH = YES;
				SDKROOT = iphoneos;
				SWIFT_ACTIVE_COMPILATION_CONDITIONS = DEBUG;
				SWIFT_OPTIMIZATION_LEVEL = "-Onone";
				TARGETED_DEVICE_FAMILY = "1,2";
			};
			name = Debug;
		};
		63417DE01EEA025A00D95E6F /* Release */ = {
			isa = XCBuildConfiguration;
			buildSettings = {
				ALWAYS_SEARCH_USER_PATHS = NO;
				CLANG_ANALYZER_NONNULL = YES;
				CLANG_ANALYZER_NUMBER_OBJECT_CONVERSION = YES_AGGRESSIVE;
				CLANG_CXX_LANGUAGE_STANDARD = "gnu++0x";
				CLANG_CXX_LIBRARY = "libc++";
				CLANG_ENABLE_MODULES = YES;
				CLANG_ENABLE_OBJC_ARC = YES;
				CLANG_WARN_BOOL_CONVERSION = YES;
				CLANG_WARN_CONSTANT_CONVERSION = YES;
				CLANG_WARN_DIRECT_OBJC_ISA_USAGE = YES_ERROR;
				CLANG_WARN_DOCUMENTATION_COMMENTS = YES;
				CLANG_WARN_EMPTY_BODY = YES;
				CLANG_WARN_ENUM_CONVERSION = YES;
				CLANG_WARN_INFINITE_RECURSION = YES;
				CLANG_WARN_INT_CONVERSION = YES;
				CLANG_WARN_OBJC_ROOT_CLASS = YES_ERROR;
				CLANG_WARN_SUSPICIOUS_MOVE = YES;
				CLANG_WARN_UNREACHABLE_CODE = YES;
				CLANG_WARN__DUPLICATE_METHOD_MATCH = YES;
				"CODE_SIGN_IDENTITY[sdk=iphoneos*]" = "iPhone Developer";
				COPY_PHASE_STRIP = NO;
				DEBUG_INFORMATION_FORMAT = "dwarf-with-dsym";
				ENABLE_NS_ASSERTIONS = NO;
				ENABLE_STRICT_OBJC_MSGSEND = YES;
				GCC_C_LANGUAGE_STANDARD = gnu99;
				GCC_NO_COMMON_BLOCKS = YES;
				GCC_WARN_64_TO_32_BIT_CONVERSION = YES;
				GCC_WARN_ABOUT_RETURN_TYPE = YES_ERROR;
				GCC_WARN_UNDECLARED_SELECTOR = YES;
				GCC_WARN_UNINITIALIZED_AUTOS = YES_AGGRESSIVE;
				GCC_WARN_UNUSED_FUNCTION = YES;
				GCC_WARN_UNUSED_VARIABLE = YES;
				IPHONEOS_DEPLOYMENT_TARGET = 10.3;
				MTL_ENABLE_DEBUG_INFO = NO;
				SDKROOT = iphoneos;
				SWIFT_OPTIMIZATION_LEVEL = "-Owholemodule";
				TARGETED_DEVICE_FAMILY = "1,2";
				VALIDATE_PRODUCT = YES;
			};
			name = Release;
		};
		63417DE21EEA025A00D95E6F /* Debug */ = {
			isa = XCBuildConfiguration;
			buildSettings = {
				ASSETCATALOG_COMPILER_APPICON_NAME = AppIcon;
				"CODE_SIGN_IDENTITY[sdk=iphoneos*]" = "iPhone Developer";
				DEVELOPMENT_TEAM = ZM6Z3AET2K;
				INFOPLIST_FILE = PitchPerfect/Info.plist;
				LD_RUNPATH_SEARCH_PATHS = "$(inherited) @executable_path/Frameworks";
				PRODUCT_BUNDLE_IDENTIFIER = com.qubitlogic.PitchPerfect;
				PRODUCT_NAME = "$(TARGET_NAME)";
				PROVISIONING_PROFILE_SPECIFIER = "";
				SWIFT_VERSION = 3.0;
			};
			name = Debug;
		};
		63417DE31EEA025A00D95E6F /* Release */ = {
			isa = XCBuildConfiguration;
			buildSettings = {
				ASSETCATALOG_COMPILER_APPICON_NAME = AppIcon;
				"CODE_SIGN_IDENTITY[sdk=iphoneos*]" = "iPhone Developer";
				DEVELOPMENT_TEAM = ZM6Z3AET2K;
				INFOPLIST_FILE = PitchPerfect/Info.plist;
				LD_RUNPATH_SEARCH_PATHS = "$(inherited) @executable_path/Frameworks";
				PRODUCT_BUNDLE_IDENTIFIER = com.qubitlogic.PitchPerfect;
				PRODUCT_NAME = "$(TARGET_NAME)";
				PROVISIONING_PROFILE_SPECIFIER = "";
				SWIFT_VERSION = 3.0;
			};
			name = Release;
		};
/* End XCBuildConfiguration section */

/* Begin XCConfigurationList section */
		63417DCA1EEA025A00D95E6F /* Build configuration list for PBXProject "PitchPerfect" */ = {
			isa = XCConfigurationList;
			buildConfigurations = (
				63417DDF1EEA025A00D95E6F /* Debug */,
				63417DE01EEA025A00D95E6F /* Release */,
			);
			defaultConfigurationIsVisible = 0;
			defaultConfigurationName = Release;
		};
		63417DE11EEA025A00D95E6F /* Build configuration list for PBXNativeTarget "PitchPerfect" */ = {
			isa = XCConfigurationList;
			buildConfigurations = (
				63417DE21EEA025A00D95E6F /* Debug */,
				63417DE31EEA025A00D95E6F /* Release */,
			);
			defaultConfigurationIsVisible = 0;
		};
/* End XCConfigurationList section */
	};
	rootObject = 63417DC71EEA025A00D95E6F /* Project object */;
}
